
Microsoft Visual Studio Solution File, Format Version 12.00
# Visual Studio 14
VisualStudioVersion = 14.0.25420.1
MinimumVisualStudioVersion = 10.0.40219.1
Project("{8BC9CEB8-8B4A-11D0-8D11-00A0C91BC942}") = "ORB_Server", "ORB_Server\ORB_Server.vcxproj", "{062989C5-8D71-43FB-8342-18C4F1CEEBDE}"
EndProject
Project("{8BC9CEB8-8B4A-11D0-8D11-00A0C91BC942}") = "TheORB_Client", "TheORB_Client\TheORB_Client.vcxproj", "{AB438095-76D8-48DE-8832-F5ED4140C1AE}"
EndProject
Global
	GlobalSection(SolutionConfigurationPlatforms) = preSolution
		Debug|x64 = Debug|x64
		Debug|x86 = Debug|x86
		Release|x64 = Release|x64
		Release|x86 = Release|x86
	EndGlobalSection
	GlobalSection(ProjectConfigurationPlatforms) = postSolution
		{062989C5-8D71-43FB-8342-18C4F1CEEBDE}.Debug|x64.ActiveCfg = Debug|x64
		{062989C5-8D71-43FB-8342-18C4F1CEEBDE}.Debug|x64.Build.0 = Debug|x64
		{062989C5-8D71-43FB-8342-18C4F1CEEBDE}.Debug|x86.ActiveCfg = Debug|Win32
		{062989C5-8D71-43FB-8342-18C4F1CEEBDE}.Debug|x86.Build.0 = Debug|Win32
		{062989C5-8D71-43FB-8342-18C4F1CEEBDE}.Release|x64.ActiveCfg = Release|x64
		{062989C5-8D71-43FB-8342-18C4F1CEEBDE}.Release|x64.Build.0 = Release|x64
		{062989C5-8D71-43FB-8342-18C4F1CEEBDE}.Release|x86.ActiveCfg = Release|Win32
		{062989C5-8D71-43FB-8342-18C4F1CEEBDE}.Release|x86.Build.0 = Release|Win32
		{AB438095-76D8-48DE-8832-F5ED4140C1AE}.Debug|x64.ActiveCfg = Debug|x64
		{AB438095-76D8-48DE-8832-F5ED4140C1AE}.Debug|x64.Build.0 = Debug|x64
		{AB438095-76D8-48DE-8832-F5ED4140C1AE}.Debug|x86.ActiveCfg = Debug|Win32
		{AB438095-76D8-48DE-8832-F5ED4140C1AE}.Debug|x86.Build.0 = Debug|Win32
		{AB438095-76D8-48DE-8832-F5ED4140C1AE}.Release|x64.ActiveCfg = Release|x64
		{AB438095-76D8-48DE-8832-F5ED4140C1AE}.Release|x64.Build.0 = Release|x64
		{AB438095-76D8-48DE-8832-F5ED4140C1AE}.Release|x86.ActiveCfg = Release|Win32
		{AB438095-76D8-48DE-8832-F5ED4140C1AE}.Release|x86.Build.0 = Release|Win32
	EndGlobalSection
	GlobalSection(SolutionProperties) = preSolution
		HideSolutionNode = FALSE
	EndGlobalSection
EndGlobal
